
Microsoft Visual Studio Solution File, Format Version 12.00
# Visual Studio Version 17
VisualStudioVersion = 17.3.32929.385
MinimumVisualStudioVersion = 10.0.40219.1
Project("{FAE04EC0-301F-11D3-BF4B-00C04F79EFBC}") = "Proyecto01Datos", "Proyecto01Datos.csproj", "{6923DFD9-E4E1-4209-9084-ACD3DC646305}"
EndProject
Global
	GlobalSection(SolutionConfigurationPlatforms) = preSolution
		Debug|Any CPU = Debug|Any CPU
		Release|Any CPU = Release|Any CPU
	EndGlobalSection
	GlobalSection(ProjectConfigurationPlatforms) = postSolution
		{6923DFD9-E4E1-4209-9084-ACD3DC646305}.Debug|Any CPU.ActiveCfg = Debug|Any CPU
		{6923DFD9-E4E1-4209-9084-ACD3DC646305}.Debug|Any CPU.Build.0 = Debug|Any CPU
		{6923DFD9-E4E1-4209-9084-ACD3DC646305}.Release|Any CPU.ActiveCfg = Release|Any CPU
		{6923DFD9-E4E1-4209-9084-ACD3DC646305}.Release|Any CPU.Build.0 = Release|Any CPU
	EndGlobalSection
	GlobalSection(SolutionProperties) = preSolution
		HideSolutionNode = FALSE
	EndGlobalSection
	GlobalSection(ExtensibilityGlobals) = postSolution
		SolutionGuid = {37D35B6B-5827-4E43-A019-C818E1F1496F}
	EndGlobalSection
EndGlobal
